// !$*UTF8*$!
{
	archiveVersion = 1;
	classes = {
	};
	objectVersion = 50;
	objects = {

/* Begin PBXBuildFile section */
		9A44B51D22611B4C00B34C97 /* AviaTickects.xcdatamodeld in Sources */ = {isa = PBXBuildFile; fileRef = 9AA8962322426D5F004D79CE /* AviaTickects.xcdatamodeld */; };
		9A6166A7225F2F1E00EEB6AD /* ProgressView.m in Sources */ = {isa = PBXBuildFile; fileRef = 9A6166A6225F2F1E00EEB6AD /* ProgressView.m */; };
		9A6166B1225F35DB00EEB6AD /* CoreDataHelper.m in Sources */ = {isa = PBXBuildFile; fileRef = 9A6166B0225F35DB00EEB6AD /* CoreDataHelper.m */; };
		9A6166B6225F373E00EEB6AD /* NewsFavourite+CoreDataClass.m in Sources */ = {isa = PBXBuildFile; fileRef = 9A6166B4225F373E00EEB6AD /* NewsFavourite+CoreDataClass.m */; };
		9A6166B7225F373E00EEB6AD /* NewsFavourite+CoreDataProperties.m in Sources */ = {isa = PBXBuildFile; fileRef = 9A6166B5225F373E00EEB6AD /* NewsFavourite+CoreDataProperties.m */; };
		9AA8961C22426D5F004D79CE /* AppDelegate.m in Sources */ = {isa = PBXBuildFile; fileRef = 9AA8961B22426D5F004D79CE /* AppDelegate.m */; };
		9AA8962722426D61004D79CE /* Assets.xcassets in Resources */ = {isa = PBXBuildFile; fileRef = 9AA8962622426D61004D79CE /* Assets.xcassets */; };
		9AA8962A22426D61004D79CE /* LaunchScreen.storyboard in Resources */ = {isa = PBXBuildFile; fileRef = 9AA8962822426D61004D79CE /* LaunchScreen.storyboard */; };
		9AA8962D22426D61004D79CE /* main.m in Sources */ = {isa = PBXBuildFile; fileRef = 9AA8962C22426D61004D79CE /* main.m */; };
		9AA8963522427410004D79CE /* MainViewController.m in Sources */ = {isa = PBXBuildFile; fileRef = 9AA8963422427410004D79CE /* MainViewController.m */; };
		9AA8963B2242BF48004D79CE /* News.m in Sources */ = {isa = PBXBuildFile; fileRef = 9AA8963A2242BF48004D79CE /* News.m */; };
		9AA8964222438814004D79CE /* DataManager.m in Sources */ = {isa = PBXBuildFile; fileRef = 9AA8964122438814004D79CE /* DataManager.m */; };
		9AA8964822439572004D79CE /* PlaceViewController.m in Sources */ = {isa = PBXBuildFile; fileRef = 9AA8964722439572004D79CE /* PlaceViewController.m */; };
		9AA8964B2243AFE2004D79CE /* Valute.json in Resources */ = {isa = PBXBuildFile; fileRef = 9AA8964A2243AFE2004D79CE /* Valute.json */; };
		9AA8964E2243B10D004D79CE /* valute.m in Sources */ = {isa = PBXBuildFile; fileRef = 9AA8964D2243B10D004D79CE /* valute.m */; };
		9AD181C8225B376200EF310D /* NewsViewController.m in Sources */ = {isa = PBXBuildFile; fileRef = 9AD181C7225B376200EF310D /* NewsViewController.m */; };
		9AD181CB225B382300EF310D /* NewsManager.m in Sources */ = {isa = PBXBuildFile; fileRef = 9AD181CA225B382300EF310D /* NewsManager.m */; };
		9AD181CE225B50C200EF310D /* News_Image_ViewController.m in Sources */ = {isa = PBXBuildFile; fileRef = 9AD181CD225B50C200EF310D /* News_Image_ViewController.m */; };
		9AD181D1225B5F5E00EF310D /* MapViewController.m in Sources */ = {isa = PBXBuildFile; fileRef = 9AD181D0225B5F5E00EF310D /* MapViewController.m */; };
		9AD181D4225B615E00EF310D /* LocationService.m in Sources */ = {isa = PBXBuildFile; fileRef = 9AD181D3225B615E00EF310D /* LocationService.m */; };
		9AD181D7225B6FF600EF310D /* TabBarController.m in Sources */ = {isa = PBXBuildFile; fileRef = 9AD181D6225B6FF600EF310D /* TabBarController.m */; };
/* End PBXBuildFile section */

/* Begin PBXFileReference section */
		9A6166A5225F2F1E00EEB6AD /* ProgressView.h */ = {isa = PBXFileReference; lastKnownFileType = sourcecode.c.h; path = ProgressView.h; sourceTree = "<group>"; };
		9A6166A6225F2F1E00EEB6AD /* ProgressView.m */ = {isa = PBXFileReference; lastKnownFileType = sourcecode.c.objc; path = ProgressView.m; sourceTree = "<group>"; };
		9A6166AF225F35DB00EEB6AD /* CoreDataHelper.h */ = {isa = PBXFileReference; lastKnownFileType = sourcecode.c.h; path = CoreDataHelper.h; sourceTree = "<group>"; };
		9A6166B0225F35DB00EEB6AD /* CoreDataHelper.m */ = {isa = PBXFileReference; lastKnownFileType = sourcecode.c.objc; path = CoreDataHelper.m; sourceTree = "<group>"; };
		9A6166B2225F373E00EEB6AD /* NewsFavourite+CoreDataProperties.h */ = {isa = PBXFileReference; lastKnownFileType = sourcecode.c.h; path = "NewsFavourite+CoreDataProperties.h"; sourceTree = "<group>"; };
		9A6166B3225F373E00EEB6AD /* NewsFavourite+CoreDataClass.h */ = {isa = PBXFileReference; lastKnownFileType = sourcecode.c.h; path = "NewsFavourite+CoreDataClass.h"; sourceTree = "<group>"; };
		9A6166B4225F373E00EEB6AD /* NewsFavourite+CoreDataClass.m */ = {isa = PBXFileReference; lastKnownFileType = sourcecode.c.objc; path = "NewsFavourite+CoreDataClass.m"; sourceTree = "<group>"; };
		9A6166B5225F373E00EEB6AD /* NewsFavourite+CoreDataProperties.m */ = {isa = PBXFileReference; lastKnownFileType = sourcecode.c.objc; path = "NewsFavourite+CoreDataProperties.m"; sourceTree = "<group>"; };
		9AA8961722426D5F004D79CE /* AviaTickects.app */ = {isa = PBXFileReference; explicitFileType = wrapper.application; includeInIndex = 0; path = AviaTickects.app; sourceTree = BUILT_PRODUCTS_DIR; };
		9AA8961A22426D5F004D79CE /* AppDelegate.h */ = {isa = PBXFileReference; lastKnownFileType = sourcecode.c.h; path = AppDelegate.h; sourceTree = "<group>"; };
		9AA8961B22426D5F004D79CE /* AppDelegate.m */ = {isa = PBXFileReference; lastKnownFileType = sourcecode.c.objc; path = AppDelegate.m; sourceTree = "<group>"; };
		9AA8962422426D5F004D79CE /* AviaTickects.xcdatamodel */ = {isa = PBXFileReference; lastKnownFileType = wrapper.xcdatamodel; path = AviaTickects.xcdatamodel; sourceTree = "<group>"; };
		9AA8962622426D61004D79CE /* Assets.xcassets */ = {isa = PBXFileReference; lastKnownFileType = folder.assetcatalog; path = Assets.xcassets; sourceTree = "<group>"; };
		9AA8962922426D61004D79CE /* Base */ = {isa = PBXFileReference; lastKnownFileType = file.storyboard; name = Base; path = Base.lproj/LaunchScreen.storyboard; sourceTree = "<group>"; };
		9AA8962B22426D61004D79CE /* Info.plist */ = {isa = PBXFileReference; lastKnownFileType = text.plist.xml; path = Info.plist; sourceTree = "<group>"; };
		9AA8962C22426D61004D79CE /* main.m */ = {isa = PBXFileReference; lastKnownFileType = sourcecode.c.objc; path = main.m; sourceTree = "<group>"; };
		9AA8963322427410004D79CE /* MainViewController.h */ = {isa = PBXFileReference; lastKnownFileType = sourcecode.c.h; path = MainViewController.h; sourceTree = "<group>"; };
		9AA8963422427410004D79CE /* MainViewController.m */ = {isa = PBXFileReference; lastKnownFileType = sourcecode.c.objc; path = MainViewController.m; sourceTree = "<group>"; };
		9AA896392242BF48004D79CE /* News.h */ = {isa = PBXFileReference; lastKnownFileType = sourcecode.c.h; path = News.h; sourceTree = "<group>"; };
		9AA8963A2242BF48004D79CE /* News.m */ = {isa = PBXFileReference; lastKnownFileType = sourcecode.c.objc; path = News.m; sourceTree = "<group>"; };
		9AA8964022438814004D79CE /* DataManager.h */ = {isa = PBXFileReference; lastKnownFileType = sourcecode.c.h; path = DataManager.h; sourceTree = "<group>"; };
		9AA8964122438814004D79CE /* DataManager.m */ = {isa = PBXFileReference; lastKnownFileType = sourcecode.c.objc; path = DataManager.m; sourceTree = "<group>"; };
		9AA8964622439572004D79CE /* PlaceViewController.h */ = {isa = PBXFileReference; lastKnownFileType = sourcecode.c.h; path = PlaceViewController.h; sourceTree = "<group>"; };
		9AA8964722439572004D79CE /* PlaceViewController.m */ = {isa = PBXFileReference; lastKnownFileType = sourcecode.c.objc; path = PlaceViewController.m; sourceTree = "<group>"; };
		9AA8964A2243AFE2004D79CE /* Valute.json */ = {isa = PBXFileReference; fileEncoding = 4; lastKnownFileType = text.json; path = Valute.json; sourceTree = "<group>"; };
		9AA8964C2243B10D004D79CE /* valute.h */ = {isa = PBXFileReference; lastKnownFileType = sourcecode.c.h; path = valute.h; sourceTree = "<group>"; };
		9AA8964D2243B10D004D79CE /* valute.m */ = {isa = PBXFileReference; lastKnownFileType = sourcecode.c.objc; path = valute.m; sourceTree = "<group>"; };
		9AD181C6225B376200EF310D /* NewsViewController.h */ = {isa = PBXFileReference; lastKnownFileType = sourcecode.c.h; path = NewsViewController.h; sourceTree = "<group>"; };
		9AD181C7225B376200EF310D /* NewsViewController.m */ = {isa = PBXFileReference; lastKnownFileType = sourcecode.c.objc; path = NewsViewController.m; sourceTree = "<group>"; };
		9AD181C9225B382300EF310D /* NewsManager.h */ = {isa = PBXFileReference; lastKnownFileType = sourcecode.c.h; path = NewsManager.h; sourceTree = "<group>"; };
		9AD181CA225B382300EF310D /* NewsManager.m */ = {isa = PBXFileReference; lastKnownFileType = sourcecode.c.objc; path = NewsManager.m; sourceTree = "<group>"; };
		9AD181CC225B50C200EF310D /* News_Image_ViewController.h */ = {isa = PBXFileReference; lastKnownFileType = sourcecode.c.h; path = News_Image_ViewController.h; sourceTree = "<group>"; };
		9AD181CD225B50C200EF310D /* News_Image_ViewController.m */ = {isa = PBXFileReference; lastKnownFileType = sourcecode.c.objc; path = News_Image_ViewController.m; sourceTree = "<group>"; };
		9AD181CF225B5F5E00EF310D /* MapViewController.h */ = {isa = PBXFileReference; lastKnownFileType = sourcecode.c.h; path = MapViewController.h; sourceTree = "<group>"; };
		9AD181D0225B5F5E00EF310D /* MapViewController.m */ = {isa = PBXFileReference; lastKnownFileType = sourcecode.c.objc; path = MapViewController.m; sourceTree = "<group>"; };
		9AD181D2225B615E00EF310D /* LocationService.h */ = {isa = PBXFileReference; lastKnownFileType = sourcecode.c.h; path = LocationService.h; sourceTree = "<group>"; };
		9AD181D3225B615E00EF310D /* LocationService.m */ = {isa = PBXFileReference; lastKnownFileType = sourcecode.c.objc; path = LocationService.m; sourceTree = "<group>"; };
		9AD181D5225B6FF600EF310D /* TabBarController.h */ = {isa = PBXFileReference; lastKnownFileType = sourcecode.c.h; path = TabBarController.h; sourceTree = "<group>"; };
		9AD181D6225B6FF600EF310D /* TabBarController.m */ = {isa = PBXFileReference; lastKnownFileType = sourcecode.c.objc; path = TabBarController.m; sourceTree = "<group>"; };
/* End PBXFileReference section */

/* Begin PBXFrameworksBuildPhase section */
		9AA8961422426D5F004D79CE /* Frameworks */ = {
			isa = PBXFrameworksBuildPhase;
			buildActionMask = 2147483647;
			files = (
			);
			runOnlyForDeploymentPostprocessing = 0;
		};
/* End PBXFrameworksBuildPhase section */

/* Begin PBXGroup section */
		9A6166AE225F35B400EEB6AD /* CoreData */ = {
			isa = PBXGroup;
			children = (
				9A6166B2225F373E00EEB6AD /* NewsFavourite+CoreDataProperties.h */,
				9A6166B3225F373E00EEB6AD /* NewsFavourite+CoreDataClass.h */,
				9A6166B4225F373E00EEB6AD /* NewsFavourite+CoreDataClass.m */,
				9A6166B5225F373E00EEB6AD /* NewsFavourite+CoreDataProperties.m */,
			);
			path = CoreData;
			sourceTree = "<group>";
		};
		9AA8960E22426D5F004D79CE = {
			isa = PBXGroup;
			children = (
				9AA8961922426D5F004D79CE /* AviaTickects */,
				9AA8961822426D5F004D79CE /* Products */,
			);
			sourceTree = "<group>";
		};
		9AA8961822426D5F004D79CE /* Products */ = {
			isa = PBXGroup;
			children = (
				9AA8961722426D5F004D79CE /* AviaTickects.app */,
			);
			name = Products;
			sourceTree = "<group>";
		};
		9AA8961922426D5F004D79CE /* AviaTickects */ = {
			isa = PBXGroup;
			children = (
				9AA8961A22426D5F004D79CE /* AppDelegate.h */,
				9AA8961B22426D5F004D79CE /* AppDelegate.m */,
				9AA8964A2243AFE2004D79CE /* Valute.json */,
				9AA896492243957A004D79CE /* ViewControllers */,
				9AA8963C2242BF4E004D79CE /* Classes */,
				9AA8962622426D61004D79CE /* Assets.xcassets */,
				9AA8962822426D61004D79CE /* LaunchScreen.storyboard */,
				9AA8962B22426D61004D79CE /* Info.plist */,
				9AA8962C22426D61004D79CE /* main.m */,
				9AA8962322426D5F004D79CE /* AviaTickects.xcdatamodeld */,
			);
			path = AviaTickects;
			sourceTree = "<group>";
		};
		9AA8963C2242BF4E004D79CE /* Classes */ = {
			isa = PBXGroup;
			children = (
				9A6166AE225F35B400EEB6AD /* CoreData */,
				9AA896392242BF48004D79CE /* News.h */,
				9AA8963A2242BF48004D79CE /* News.m */,
				9AA8964C2243B10D004D79CE /* valute.h */,
				9AA8964D2243B10D004D79CE /* valute.m */,
				9AA8964022438814004D79CE /* DataManager.h */,
				9AA8964122438814004D79CE /* DataManager.m */,
				9AD181C9225B382300EF310D /* NewsManager.h */,
				9AD181CA225B382300EF310D /* NewsManager.m */,
				9AD181D2225B615E00EF310D /* LocationService.h */,
				9AD181D3225B615E00EF310D /* LocationService.m */,
				9A6166AF225F35DB00EEB6AD /* CoreDataHelper.h */,
				9A6166B0225F35DB00EEB6AD /* CoreDataHelper.m */,
			);
			path = Classes;
			sourceTree = "<group>";
		};
		9AA896492243957A004D79CE /* ViewControllers */ = {
			isa = PBXGroup;
			children = (
				9AA8963322427410004D79CE /* MainViewController.h */,
				9AA8963422427410004D79CE /* MainViewController.m */,
				9AA8964622439572004D79CE /* PlaceViewController.h */,
				9AA8964722439572004D79CE /* PlaceViewController.m */,
				9A6166A5225F2F1E00EEB6AD /* ProgressView.h */,
				9A6166A6225F2F1E00EEB6AD /* ProgressView.m */,
				9AD181C6225B376200EF310D /* NewsViewController.h */,
				9AD181C7225B376200EF310D /* NewsViewController.m */,
				9AD181CC225B50C200EF310D /* News_Image_ViewController.h */,
				9AD181CD225B50C200EF310D /* News_Image_ViewController.m */,
				9AD181CF225B5F5E00EF310D /* MapViewController.h */,
				9AD181D0225B5F5E00EF310D /* MapViewController.m */,
				9AD181D5225B6FF600EF310D /* TabBarController.h */,
				9AD181D6225B6FF600EF310D /* TabBarController.m */,
			);
			path = ViewControllers;
			sourceTree = "<group>";
		};
/* End PBXGroup section */

/* Begin PBXNativeTarget section */
		9AA8961622426D5F004D79CE /* AviaTickects */ = {
			isa = PBXNativeTarget;
			buildConfigurationList = 9AA8963022426D61004D79CE /* Build configuration list for PBXNativeTarget "AviaTickects" */;
			buildPhases = (
				9AA8961322426D5F004D79CE /* Sources */,
				9AA8961422426D5F004D79CE /* Frameworks */,
				9AA8961522426D5F004D79CE /* Resources */,
			);
			buildRules = (
			);
			dependencies = (
			);
			name = AviaTickects;
			productName = AviaTickects;
			productReference = 9AA8961722426D5F004D79CE /* AviaTickects.app */;
			productType = "com.apple.product-type.application";
		};
/* End PBXNativeTarget section */

/* Begin PBXProject section */
		9AA8960F22426D5F004D79CE /* Project object */ = {
			isa = PBXProject;
			attributes = {
				LastUpgradeCheck = 1010;
				ORGANIZATIONNAME = "Арсений Дорогин";
				TargetAttributes = {
					9AA8961622426D5F004D79CE = {
						CreatedOnToolsVersion = 10.1;
					};
				};
			};
			buildConfigurationList = 9AA8961222426D5F004D79CE /* Build configuration list for PBXProject "AviaTickects" */;
			compatibilityVersion = "Xcode 9.3";
			developmentRegion = en;
			hasScannedForEncodings = 0;
			knownRegions = (
				en,
				Base,
			);
			mainGroup = 9AA8960E22426D5F004D79CE;
			productRefGroup = 9AA8961822426D5F004D79CE /* Products */;
			projectDirPath = "";
			projectRoot = "";
			targets = (
				9AA8961622426D5F004D79CE /* AviaTickects */,
			);
		};
/* End PBXProject section */

/* Begin PBXResourcesBuildPhase section */
		9AA8961522426D5F004D79CE /* Resources */ = {
			isa = PBXResourcesBuildPhase;
			buildActionMask = 2147483647;
			files = (
				9AA8962A22426D61004D79CE /* LaunchScreen.storyboard in Resources */,
				9AA8962722426D61004D79CE /* Assets.xcassets in Resources */,
				9AA8964B2243AFE2004D79CE /* Valute.json in Resources */,
			);
			runOnlyForDeploymentPostprocessing = 0;
		};
/* End PBXResourcesBuildPhase section */

/* Begin PBXSourcesBuildPhase section */
		9AA8961322426D5F004D79CE /* Sources */ = {
			isa = PBXSourcesBuildPhase;
			buildActionMask = 2147483647;
			files = (
				9A44B51D22611B4C00B34C97 /* AviaTickects.xcdatamodeld in Sources */,
				9AA8964822439572004D79CE /* PlaceViewController.m in Sources */,
				9AA8962D22426D61004D79CE /* main.m in Sources */,
				9AD181D1225B5F5E00EF310D /* MapViewController.m in Sources */,
				9AA8964E2243B10D004D79CE /* valute.m in Sources */,
				9AD181C8225B376200EF310D /* NewsViewController.m in Sources */,
				9AA8963B2242BF48004D79CE /* News.m in Sources */,
				9AD181D7225B6FF600EF310D /* TabBarController.m in Sources */,
				9A6166B1225F35DB00EEB6AD /* CoreDataHelper.m in Sources */,
				9AD181D4225B615E00EF310D /* LocationService.m in Sources */,
				9AA8961C22426D5F004D79CE /* AppDelegate.m in Sources */,
				9AD181CB225B382300EF310D /* NewsManager.m in Sources */,
				9A6166A7225F2F1E00EEB6AD /* ProgressView.m in Sources */,
				9AA8964222438814004D79CE /* DataManager.m in Sources */,
				9AA8963522427410004D79CE /* MainViewController.m in Sources */,
				9AD181CE225B50C200EF310D /* News_Image_ViewController.m in Sources */,
				9A6166B7225F373E00EEB6AD /* NewsFavourite+CoreDataProperties.m in Sources */,
				9A6166B6225F373E00EEB6AD /* NewsFavourite+CoreDataClass.m in Sources */,
			);
			runOnlyForDeploymentPostprocessing = 0;
		};
/* End PBXSourcesBuildPhase section */

/* Begin PBXVariantGroup section */
		9AA8962822426D61004D79CE /* LaunchScreen.storyboard */ = {
			isa = PBXVariantGroup;
			children = (
				9AA8962922426D61004D79CE /* Base */,
			);
			name = LaunchScreen.storyboard;
			sourceTree = "<group>";
		};
/* End PBXVariantGroup section */

/* Begin XCBuildConfiguration section */
		9AA8962E22426D61004D79CE /* Debug */ = {
			isa = XCBuildConfiguration;
			buildSettings = {
				ALWAYS_SEARCH_USER_PATHS = NO;
				CLANG_ANALYZER_NONNULL = YES;
				CLANG_ANALYZER_NUMBER_OBJECT_CONVERSION = YES_AGGRESSIVE;
				CLANG_CXX_LANGUAGE_STANDARD = "gnu++14";
				CLANG_CXX_LIBRARY = "libc++";
				CLANG_ENABLE_MODULES = YES;
				CLANG_ENABLE_OBJC_ARC = YES;
				CLANG_ENABLE_OBJC_WEAK = YES;
				CLANG_WARN_BLOCK_CAPTURE_AUTORELEASING = YES;
				CLANG_WARN_BOOL_CONVERSION = YES;
				CLANG_WARN_COMMA = YES;
				CLANG_WARN_CONSTANT_CONVERSION = YES;
				CLANG_WARN_DEPRECATED_OBJC_IMPLEMENTATIONS = YES;
				CLANG_WARN_DIRECT_OBJC_ISA_USAGE = YES_ERROR;
				CLANG_WARN_DOCUMENTATION_COMMENTS = YES;
				CLANG_WARN_EMPTY_BODY = YES;
				CLANG_WARN_ENUM_CONVERSION = YES;
				CLANG_WARN_INFINITE_RECURSION = YES;
				CLANG_WARN_INT_CONVERSION = YES;
				CLANG_WARN_NON_LITERAL_NULL_CONVERSION = YES;
				CLANG_WARN_OBJC_IMPLICIT_RETAIN_SELF = YES;
				CLANG_WARN_OBJC_LITERAL_CONVERSION = YES;
				CLANG_WARN_OBJC_ROOT_CLASS = YES_ERROR;
				CLANG_WARN_RANGE_LOOP_ANALYSIS = YES;
				CLANG_WARN_STRICT_PROTOTYPES = YES;
				CLANG_WARN_SUSPICIOUS_MOVE = YES;
				CLANG_WARN_UNGUARDED_AVAILABILITY = YES_AGGRESSIVE;
				CLANG_WARN_UNREACHABLE_CODE = YES;
				CLANG_WARN__DUPLICATE_METHOD_MATCH = YES;
				CODE_SIGN_IDENTITY = "iPhone Developer";
				COPY_PHASE_STRIP = NO;
				DEBUG_INFORMATION_FORMAT = dwarf;
				ENABLE_STRICT_OBJC_MSGSEND = YES;
				ENABLE_TESTABILITY = YES;
				GCC_C_LANGUAGE_STANDARD = gnu11;
				GCC_DYNAMIC_NO_PIC = NO;
				GCC_NO_COMMON_BLOCKS = YES;
				GCC_OPTIMIZATION_LEVEL = 0;
				GCC_PREPROCESSOR_DEFINITIONS = (
					"DEBUG=1",
					"$(inherited)",
				);
				GCC_WARN_64_TO_32_BIT_CONVERSION = YES;
				GCC_WARN_ABOUT_RETURN_TYPE = YES_ERROR;
				GCC_WARN_UNDECLARED_SELECTOR = YES;
				GCC_WARN_UNINITIALIZED_AUTOS = YES_AGGRESSIVE;
				GCC_WARN_UNUSED_FUNCTION = YES;
				GCC_WARN_UNUSED_VARIABLE = YES;
				IPHONEOS_DEPLOYMENT_TARGET = 12.1;
				MTL_ENABLE_DEBUG_INFO = INCLUDE_SOURCE;
				MTL_FAST_MATH = YES;
				ONLY_ACTIVE_ARCH = YES;
				SDKROOT = iphoneos;
			};
			name = Debug;
		};
		9AA8962F22426D61004D79CE /* Release */ = {
			isa = XCBuildConfiguration;
			buildSettings = {
				ALWAYS_SEARCH_USER_PATHS = NO;
				CLANG_ANALYZER_NONNULL = YES;
				CLANG_ANALYZER_NUMBER_OBJECT_CONVERSION = YES_AGGRESSIVE;
				CLANG_CXX_LANGUAGE_STANDARD = "gnu++14";
				CLANG_CXX_LIBRARY = "libc++";
				CLANG_ENABLE_MODULES = YES;
				CLANG_ENABLE_OBJC_ARC = YES;
				CLANG_ENABLE_OBJC_WEAK = YES;
				CLANG_WARN_BLOCK_CAPTURE_AUTORELEASING = YES;
				CLANG_WARN_BOOL_CONVERSION = YES;
				CLANG_WARN_COMMA = YES;
				CLANG_WARN_CONSTANT_CONVERSION = YES;
				CLANG_WARN_DEPRECATED_OBJC_IMPLEMENTATIONS = YES;
				CLANG_WARN_DIRECT_OBJC_ISA_USAGE = YES_ERROR;
				CLANG_WARN_DOCUMENTATION_COMMENTS = YES;
				CLANG_WARN_EMPTY_BODY = YES;
				CLANG_WARN_ENUM_CONVERSION = YES;
				CLANG_WARN_INFINITE_RECURSION = YES;
				CLANG_WARN_INT_CONVERSION = YES;
				CLANG_WARN_NON_LITERAL_NULL_CONVERSION = YES;
				CLANG_WARN_OBJC_IMPLICIT_RETAIN_SELF = YES;
				CLANG_WARN_OBJC_LITERAL_CONVERSION = YES;
				CLANG_WARN_OBJC_ROOT_CLASS = YES_ERROR;
				CLANG_WARN_RANGE_LOOP_ANALYSIS = YES;
				CLANG_WARN_STRICT_PROTOTYPES = YES;
				CLANG_WARN_SUSPICIOUS_MOVE = YES;
				CLANG_WARN_UNGUARDED_AVAILABILITY = YES_AGGRESSIVE;
				CLANG_WARN_UNREACHABLE_CODE = YES;
				CLANG_WARN__DUPLICATE_METHOD_MATCH = YES;
				CODE_SIGN_IDENTITY = "iPhone Developer";
				COPY_PHASE_STRIP = NO;
				DEBUG_INFORMATION_FORMAT = "dwarf-with-dsym";
				ENABLE_NS_ASSERTIONS = NO;
				ENABLE_STRICT_OBJC_MSGSEND = YES;
				GCC_C_LANGUAGE_STANDARD = gnu11;
				GCC_NO_COMMON_BLOCKS = YES;
				GCC_WARN_64_TO_32_BIT_CONVERSION = YES;
				GCC_WARN_ABOUT_RETURN_TYPE = YES_ERROR;
				GCC_WARN_UNDECLARED_SELECTOR = YES;
				GCC_WARN_UNINITIALIZED_AUTOS = YES_AGGRESSIVE;
				GCC_WARN_UNUSED_FUNCTION = YES;
				GCC_WARN_UNUSED_VARIABLE = YES;
				IPHONEOS_DEPLOYMENT_TARGET = 12.1;
				MTL_ENABLE_DEBUG_INFO = NO;
				MTL_FAST_MATH = YES;
				SDKROOT = iphoneos;
				VALIDATE_PRODUCT = YES;
			};
			name = Release;
		};
		9AA8963122426D61004D79CE /* Debug */ = {
			isa = XCBuildConfiguration;
			buildSettings = {
				ASSETCATALOG_COMPILER_APPICON_NAME = AppIcon;
				CODE_SIGN_STYLE = Automatic;
				DEVELOPMENT_TEAM = 623JYZ98ZP;
				INFOPLIST_FILE = AviaTickects/Info.plist;
				LD_RUNPATH_SEARCH_PATHS = (
					"$(inherited)",
					"@executable_path/Frameworks",
				);
				PRODUCT_BUNDLE_IDENTIFIER = AVSI.AviaTickects;
				PRODUCT_NAME = "$(TARGET_NAME)";
				TARGETED_DEVICE_FAMILY = "1,2";
			};
			name = Debug;
		};
		9AA8963222426D61004D79CE /* Release */ = {
			isa = XCBuildConfiguration;
			buildSettings = {
				ASSETCATALOG_COMPILER_APPICON_NAME = AppIcon;
				CODE_SIGN_STYLE = Automatic;
				DEVELOPMENT_TEAM = 623JYZ98ZP;
				INFOPLIST_FILE = AviaTickects/Info.plist;
				LD_RUNPATH_SEARCH_PATHS = (
					"$(inherited)",
					"@executable_path/Frameworks",
				);
				PRODUCT_BUNDLE_IDENTIFIER = AVSI.AviaTickects;
				PRODUCT_NAME = "$(TARGET_NAME)";
				TARGETED_DEVICE_FAMILY = "1,2";
			};
			name = Release;
		};
/* End XCBuildConfiguration section */

/* Begin XCConfigurationList section */
		9AA8961222426D5F004D79CE /* Build configuration list for PBXProject "AviaTickects" */ = {
			isa = XCConfigurationList;
			buildConfigurations = (
				9AA8962E22426D61004D79CE /* Debug */,
				9AA8962F22426D61004D79CE /* Release */,
			);
			defaultConfigurationIsVisible = 0;
			defaultConfigurationName = Release;
		};
		9AA8963022426D61004D79CE /* Build configuration list for PBXNativeTarget "AviaTickects" */ = {
			isa = XCConfigurationList;
			buildConfigurations = (
				9AA8963122426D61004D79CE /* Debug */,
				9AA8963222426D61004D79CE /* Release */,
			);
			defaultConfigurationIsVisible = 0;
			defaultConfigurationName = Release;
		};
/* End XCConfigurationList section */

/* Begin XCVersionGroup section */
		9AA8962322426D5F004D79CE /* AviaTickects.xcdatamodeld */ = {
			isa = XCVersionGroup;
			children = (
				9AA8962422426D5F004D79CE /* AviaTickects.xcdatamodel */,
			);
			currentVersion = 9AA8962422426D5F004D79CE /* AviaTickects.xcdatamodel */;
			path = AviaTickects.xcdatamodeld;
			sourceTree = "<group>";
			versionGroupType = wrapper.xcdatamodel;
		};
/* End XCVersionGroup section */
	};
	rootObject = 9AA8960F22426D5F004D79CE /* Project object */;
}
